
Microsoft Visual Studio Solution File, Format Version 12.00
# Visual Studio Version 17
VisualStudioVersion = 17.1.32210.238
MinimumVisualStudioVersion = 10.0.40219.1
Project("{FAE04EC0-301F-11D3-BF4B-00C04F79EFBC}") = "Lesson7_Directory Personell_ver2", "Lesson7_Directory Personell_ver2\Lesson7_Directory Personell_ver2.csproj", "{A2CBAA85-9AEF-49E1-96B1-3D460612348E}"
EndProject
Global
	GlobalSection(SolutionConfigurationPlatforms) = preSolution
		Debug|Any CPU = Debug|Any CPU
		Release|Any CPU = Release|Any CPU
	EndGlobalSection
	GlobalSection(ProjectConfigurationPlatforms) = postSolution
		{A2CBAA85-9AEF-49E1-96B1-3D460612348E}.Debug|Any CPU.ActiveCfg = Debug|Any CPU
		{A2CBAA85-9AEF-49E1-96B1-3D460612348E}.Debug|Any CPU.Build.0 = Debug|Any CPU
		{A2CBAA85-9AEF-49E1-96B1-3D460612348E}.Release|Any CPU.ActiveCfg = Release|Any CPU
		{A2CBAA85-9AEF-49E1-96B1-3D460612348E}.Release|Any CPU.Build.0 = Release|Any CPU
	EndGlobalSection
	GlobalSection(SolutionProperties) = preSolution
		HideSolutionNode = FALSE
	EndGlobalSection
	GlobalSection(ExtensibilityGlobals) = postSolution
		SolutionGuid = {1E56D92E-ED67-4350-899A-33678D03BFA4}
	EndGlobalSection
EndGlobal
